
Microsoft Visual Studio Solution File, Format Version 12.00
# Visual Studio Version 17
VisualStudioVersion = 17.0.31919.166
MinimumVisualStudioVersion = 10.0.40219.1
Project("{9A19103F-16F7-4668-BE54-9A1E7A4F7556}") = "csharp", "csharp\csharp.csproj", "{E258E54C-03C7-49E9-BDE1-31CE30933D70}"
EndProject
Project("{9A19103F-16F7-4668-BE54-9A1E7A4F7556}") = "csharp-cross-platform", "csharp\csharp-cross-platform.csproj", "{5A8014FC-CB58-4E8F-972C-CAA21BB3857C}"
EndProject
Global
	GlobalSection(SolutionConfigurationPlatforms) = preSolution
		Debug|Any CPU = Debug|Any CPU
		Release|Any CPU = Release|Any CPU
	EndGlobalSection
	GlobalSection(ProjectConfigurationPlatforms) = postSolution
		{E258E54C-03C7-49E9-BDE1-31CE30933D70}.Debug|Any CPU.ActiveCfg = Debug|Any CPU
		{E258E54C-03C7-49E9-BDE1-31CE30933D70}.Debug|Any CPU.Build.0 = Debug|Any CPU
		{E258E54C-03C7-49E9-BDE1-31CE30933D70}.Release|Any CPU.ActiveCfg = Release|Any CPU
		{E258E54C-03C7-49E9-BDE1-31CE30933D70}.Release|Any CPU.Build.0 = Release|Any CPU
		{5A8014FC-CB58-4E8F-972C-CAA21BB3857C}.Debug|Any CPU.ActiveCfg = Debug|Any CPU
		{5A8014FC-CB58-4E8F-972C-CAA21BB3857C}.Debug|Any CPU.Build.0 = Debug|Any CPU
		{5A8014FC-CB58-4E8F-972C-CAA21BB3857C}.Release|Any CPU.ActiveCfg = Release|Any CPU
		{5A8014FC-CB58-4E8F-972C-CAA21BB3857C}.Release|Any CPU.Build.0 = Release|Any CPU
	EndGlobalSection
	GlobalSection(SolutionProperties) = preSolution
		HideSolutionNode = FALSE
	EndGlobalSection
	GlobalSection(ExtensibilityGlobals) = postSolution
		SolutionGuid = {9C150321-94B6-482A-B6D1-77FFA64DC2B7}
	EndGlobalSection
EndGlobal
